
Microsoft Visual Studio Solution File, Format Version 12.00
# Visual Studio 15
VisualStudioVersion = 15.0.27130.2020
MinimumVisualStudioVersion = 10.0.40219.1
Project("{FAE04EC0-301F-11D3-BF4B-00C04F79EFBC}") = "MvcPlannerApp", "MvcPlannerApp\MvcPlannerApp.csproj", "{BD226FED-5D08-4F49-8D80-FE6784D0BE0B}"
EndProject
Global
	GlobalSection(SolutionConfigurationPlatforms) = preSolution
		Debug|Any CPU = Debug|Any CPU
		Release|Any CPU = Release|Any CPU
	EndGlobalSection
	GlobalSection(ProjectConfigurationPlatforms) = postSolution
		{BD226FED-5D08-4F49-8D80-FE6784D0BE0B}.Debug|Any CPU.ActiveCfg = Debug|Any CPU
		{BD226FED-5D08-4F49-8D80-FE6784D0BE0B}.Debug|Any CPU.Build.0 = Debug|Any CPU
		{BD226FED-5D08-4F49-8D80-FE6784D0BE0B}.Release|Any CPU.ActiveCfg = Release|Any CPU
		{BD226FED-5D08-4F49-8D80-FE6784D0BE0B}.Release|Any CPU.Build.0 = Release|Any CPU
	EndGlobalSection
	GlobalSection(SolutionProperties) = preSolution
		HideSolutionNode = FALSE
	EndGlobalSection
	GlobalSection(ExtensibilityGlobals) = postSolution
		SolutionGuid = {75C97396-2DC6-4BD9-A1A5-AE455A861CED}
	EndGlobalSection
EndGlobal
